
Microsoft Visual Studio Solution File, Format Version 12.00
Project("{FAE04EC0-301F-11D3-BF4B-00C04F79EFBC}") = "walk-in-portal_Backend", "walk-in-portal_Backend\walk-in-portal_Backend.csproj", "{2E3EB9D7-C3A2-46A5-A5E4-D9B38312371B}"
EndProject
Global
	GlobalSection(SolutionConfigurationPlatforms) = preSolution
		Debug|Any CPU = Debug|Any CPU
		Release|Any CPU = Release|Any CPU
	EndGlobalSection
	GlobalSection(ProjectConfigurationPlatforms) = postSolution
		{2E3EB9D7-C3A2-46A5-A5E4-D9B38312371B}.Debug|Any CPU.ActiveCfg = Debug|Any CPU
		{2E3EB9D7-C3A2-46A5-A5E4-D9B38312371B}.Debug|Any CPU.Build.0 = Debug|Any CPU
		{2E3EB9D7-C3A2-46A5-A5E4-D9B38312371B}.Release|Any CPU.ActiveCfg = Release|Any CPU
		{2E3EB9D7-C3A2-46A5-A5E4-D9B38312371B}.Release|Any CPU.Build.0 = Release|Any CPU
	EndGlobalSection
EndGlobal
